
Microsoft Visual Studio Solution File, Format Version 12.00
Project("{FAE04EC0-301F-11D3-BF4B-00C04F79EFBC}") = "EmmyLua", "EmmyLua\EmmyLua.csproj", "{FFF8037C-9545-4958-AA07-73D051BE0346}"
EndProject
Project("{FAE04EC0-301F-11D3-BF4B-00C04F79EFBC}") = "EmmyLua.LanguageServer", "EmmyLua.LanguageServer\EmmyLua.LanguageServer.csproj", "{DDD2F974-A7AC-4D56-8958-C41CAD025136}"
EndProject
Project("{FAE04EC0-301F-11D3-BF4B-00C04F79EFBC}") = "SimpleTest", "SimpleTest\SimpleTest.csproj", "{D1BA6B9E-5490-482B-9DA6-E1779A029654}"
EndProject
Project("{FAE04EC0-301F-11D3-BF4B-00C04F79EFBC}") = "Util.Gen", "Util.Gen\Util.Gen.csproj", "{26D6BE65-C8C1-4106-9F0F-63B9F881A878}"
EndProject
Project("{FAE04EC0-301F-11D3-BF4B-00C04F79EFBC}") = "EmmyLua.Cli", "EmmyLua.Cli\EmmyLua.Cli.csproj", "{46AAE706-30E8-4604-B1E0-EEF8219BC4DD}"
EndProject
Project("{FAE04EC0-301F-11D3-BF4B-00C04F79EFBC}") = "LanguageServer.Framework", "LanguageServer.Framework\LanguageServer.Framework.csproj", "{EF642ABB-4298-4002-BE4B-537A5E0173E2}"
EndProject
Project("{FAE04EC0-301F-11D3-BF4B-00C04F79EFBC}") = "LanguageServer.Test", "LanguageServer.Test\LanguageServer.Test.csproj", "{A270A95D-E1F4-4DB4-85D3-FB5DBBDFA41D}"
EndProject
Global
	GlobalSection(SolutionConfigurationPlatforms) = preSolution
		Debug|Any CPU = Debug|Any CPU
		Release|Any CPU = Release|Any CPU
	EndGlobalSection
	GlobalSection(ProjectConfigurationPlatforms) = postSolution
		{FFF8037C-9545-4958-AA07-73D051BE0346}.Debug|Any CPU.ActiveCfg = Debug|Any CPU
		{FFF8037C-9545-4958-AA07-73D051BE0346}.Debug|Any CPU.Build.0 = Debug|Any CPU
		{FFF8037C-9545-4958-AA07-73D051BE0346}.Release|Any CPU.ActiveCfg = Release|Any CPU
		{FFF8037C-9545-4958-AA07-73D051BE0346}.Release|Any CPU.Build.0 = Release|Any CPU
		{DDD2F974-A7AC-4D56-8958-C41CAD025136}.Debug|Any CPU.ActiveCfg = Debug|Any CPU
		{DDD2F974-A7AC-4D56-8958-C41CAD025136}.Debug|Any CPU.Build.0 = Debug|Any CPU
		{DDD2F974-A7AC-4D56-8958-C41CAD025136}.Release|Any CPU.ActiveCfg = Release|Any CPU
		{DDD2F974-A7AC-4D56-8958-C41CAD025136}.Release|Any CPU.Build.0 = Release|Any CPU
		{D1BA6B9E-5490-482B-9DA6-E1779A029654}.Debug|Any CPU.ActiveCfg = Debug|Any CPU
		{D1BA6B9E-5490-482B-9DA6-E1779A029654}.Debug|Any CPU.Build.0 = Debug|Any CPU
		{D1BA6B9E-5490-482B-9DA6-E1779A029654}.Release|Any CPU.ActiveCfg = Release|Any CPU
		{D1BA6B9E-5490-482B-9DA6-E1779A029654}.Release|Any CPU.Build.0 = Release|Any CPU
		{26D6BE65-C8C1-4106-9F0F-63B9F881A878}.Debug|Any CPU.ActiveCfg = Debug|Any CPU
		{26D6BE65-C8C1-4106-9F0F-63B9F881A878}.Debug|Any CPU.Build.0 = Debug|Any CPU
		{26D6BE65-C8C1-4106-9F0F-63B9F881A878}.Release|Any CPU.ActiveCfg = Release|Any CPU
		{26D6BE65-C8C1-4106-9F0F-63B9F881A878}.Release|Any CPU.Build.0 = Release|Any CPU
		{46AAE706-30E8-4604-B1E0-EEF8219BC4DD}.Debug|Any CPU.ActiveCfg = Debug|Any CPU
		{46AAE706-30E8-4604-B1E0-EEF8219BC4DD}.Debug|Any CPU.Build.0 = Debug|Any CPU
		{46AAE706-30E8-4604-B1E0-EEF8219BC4DD}.Release|Any CPU.ActiveCfg = Release|Any CPU
		{46AAE706-30E8-4604-B1E0-EEF8219BC4DD}.Release|Any CPU.Build.0 = Release|Any CPU
		{EF642ABB-4298-4002-BE4B-537A5E0173E2}.Debug|Any CPU.ActiveCfg = Debug|Any CPU
		{EF642ABB-4298-4002-BE4B-537A5E0173E2}.Debug|Any CPU.Build.0 = Debug|Any CPU
		{EF642ABB-4298-4002-BE4B-537A5E0173E2}.Release|Any CPU.ActiveCfg = Release|Any CPU
		{EF642ABB-4298-4002-BE4B-537A5E0173E2}.Release|Any CPU.Build.0 = Release|Any CPU
		{A270A95D-E1F4-4DB4-85D3-FB5DBBDFA41D}.Debug|Any CPU.ActiveCfg = Debug|Any CPU
		{A270A95D-E1F4-4DB4-85D3-FB5DBBDFA41D}.Debug|Any CPU.Build.0 = Debug|Any CPU
		{A270A95D-E1F4-4DB4-85D3-FB5DBBDFA41D}.Release|Any CPU.ActiveCfg = Release|Any CPU
		{A270A95D-E1F4-4DB4-85D3-FB5DBBDFA41D}.Release|Any CPU.Build.0 = Release|Any CPU
	EndGlobalSection
	GlobalSection(NestedProjects) = preSolution
	EndGlobalSection
EndGlobal
